
Microsoft Visual Studio Solution File, Format Version 12.00
# Visual Studio Version 16
VisualStudioVersion = 16.0.29709.97
MinimumVisualStudioVersion = 10.0.40219.1
Project("{9A19103F-16F7-4668-BE54-9A1E7A4F7556}") = "MyModule", "MyModule\MyModule.csproj", "{A07FE6AD-574A-4591-8849-3348FB35485C}"
EndProject
Project("{FAE04EC0-301F-11D3-BF4B-00C04F79EFBC}") = "PythonNetFloatTest", "PythonNetFloatTest\PythonNetFloatTest.csproj", "{DCD517F3-3D19-4E9C-A48E-0E0A8EAB494E}"
EndProject
Global
	GlobalSection(SolutionConfigurationPlatforms) = preSolution
		Debug|Any CPU = Debug|Any CPU
		Debug|x64 = Debug|x64
		Release|Any CPU = Release|Any CPU
		Release|x64 = Release|x64
	EndGlobalSection
	GlobalSection(ProjectConfigurationPlatforms) = postSolution
		{A07FE6AD-574A-4591-8849-3348FB35485C}.Debug|Any CPU.ActiveCfg = Debug|Any CPU
		{A07FE6AD-574A-4591-8849-3348FB35485C}.Debug|Any CPU.Build.0 = Debug|Any CPU
		{A07FE6AD-574A-4591-8849-3348FB35485C}.Debug|x64.ActiveCfg = Debug|x64
		{A07FE6AD-574A-4591-8849-3348FB35485C}.Debug|x64.Build.0 = Debug|x64
		{A07FE6AD-574A-4591-8849-3348FB35485C}.Release|Any CPU.ActiveCfg = Release|Any CPU
		{A07FE6AD-574A-4591-8849-3348FB35485C}.Release|Any CPU.Build.0 = Release|Any CPU
		{A07FE6AD-574A-4591-8849-3348FB35485C}.Release|x64.ActiveCfg = Release|x64
		{A07FE6AD-574A-4591-8849-3348FB35485C}.Release|x64.Build.0 = Release|x64
		{DCD517F3-3D19-4E9C-A48E-0E0A8EAB494E}.Debug|Any CPU.ActiveCfg = Debug|Any CPU
		{DCD517F3-3D19-4E9C-A48E-0E0A8EAB494E}.Debug|Any CPU.Build.0 = Debug|Any CPU
		{DCD517F3-3D19-4E9C-A48E-0E0A8EAB494E}.Debug|x64.ActiveCfg = Debug|x64
		{DCD517F3-3D19-4E9C-A48E-0E0A8EAB494E}.Debug|x64.Build.0 = Debug|x64
		{DCD517F3-3D19-4E9C-A48E-0E0A8EAB494E}.Release|Any CPU.ActiveCfg = Release|Any CPU
		{DCD517F3-3D19-4E9C-A48E-0E0A8EAB494E}.Release|Any CPU.Build.0 = Release|Any CPU
		{DCD517F3-3D19-4E9C-A48E-0E0A8EAB494E}.Release|x64.ActiveCfg = Release|x64
		{DCD517F3-3D19-4E9C-A48E-0E0A8EAB494E}.Release|x64.Build.0 = Release|x64
	EndGlobalSection
	GlobalSection(SolutionProperties) = preSolution
		HideSolutionNode = FALSE
	EndGlobalSection
	GlobalSection(ExtensibilityGlobals) = postSolution
		SolutionGuid = {501A7B64-005D-4A45-85D2-0E674C78A90A}
	EndGlobalSection
EndGlobal
